// !$*UTF8*$!
{
	archiveVersion = 1;
	classes = {
	};
	objectVersion = 55;
	objects = {

/* Begin PBXBuildFile section */
		A965B7F12825011700A15FC9 /* AppDelegate.swift in Sources */ = {isa = PBXBuildFile; fileRef = A965B7F02825011700A15FC9 /* AppDelegate.swift */; };
		A965B7F32825011700A15FC9 /* SceneDelegate.swift in Sources */ = {isa = PBXBuildFile; fileRef = A965B7F22825011700A15FC9 /* SceneDelegate.swift */; };
		A965B7F52825011700A15FC9 /* MovieListTableViewController.swift in Sources */ = {isa = PBXBuildFile; fileRef = A965B7F42825011700A15FC9 /* MovieListTableViewController.swift */; };
		A965B7FA2825011900A15FC9 /* Assets.xcassets in Resources */ = {isa = PBXBuildFile; fileRef = A965B7F92825011900A15FC9 /* Assets.xcassets */; };
		A965B7FD2825011900A15FC9 /* LaunchScreen.storyboard in Resources */ = {isa = PBXBuildFile; fileRef = A965B7FB2825011900A15FC9 /* LaunchScreen.storyboard */; };
		A965B80D2825054000A15FC9 /* MovieListTableViewCell.swift in Sources */ = {isa = PBXBuildFile; fileRef = A965B80C2825054000A15FC9 /* MovieListTableViewCell.swift */; };
		A96817E428252CA300262D50 /* APIService.swift in Sources */ = {isa = PBXBuildFile; fileRef = A96817E328252CA300262D50 /* APIService.swift */; };
		A96817E628252CFF00262D50 /* Movies.swift in Sources */ = {isa = PBXBuildFile; fileRef = A96817E528252CFF00262D50 /* Movies.swift */; };
		A96817E928252DD900262D50 /* Realm in Frameworks */ = {isa = PBXBuildFile; productRef = A96817E828252DD900262D50 /* Realm */; };
		A96817EB28252DD900262D50 /* RealmSwift in Frameworks */ = {isa = PBXBuildFile; productRef = A96817EA28252DD900262D50 /* RealmSwift */; };
		A96817ED28252F1D00262D50 /* APIKey.swift in Sources */ = {isa = PBXBuildFile; fileRef = A96817EC28252F1D00262D50 /* APIKey.swift */; };
		A96817EF2825337800262D50 /* Observable.swift in Sources */ = {isa = PBXBuildFile; fileRef = A96817EE2825337800262D50 /* Observable.swift */; };
		A96817F128253A3D00262D50 /* MovieListViewModel.swift in Sources */ = {isa = PBXBuildFile; fileRef = A96817F028253A3D00262D50 /* MovieListViewModel.swift */; };
		A96817F328253B0D00262D50 /* MovieItemViewModel.swift in Sources */ = {isa = PBXBuildFile; fileRef = A96817F228253B0D00262D50 /* MovieItemViewModel.swift */; };
		A96817F628253D9300262D50 /* UIImageView.swift in Sources */ = {isa = PBXBuildFile; fileRef = A96817F528253D9300262D50 /* UIImageView.swift */; };
		A96817F828253DB300262D50 /* ImageCacheManager.swift in Sources */ = {isa = PBXBuildFile; fileRef = A96817F728253DB300262D50 /* ImageCacheManager.swift */; };
/* End PBXBuildFile section */

/* Begin PBXFileReference section */
		A965B7ED2825011700A15FC9 /* iLikeMovie.app */ = {isa = PBXFileReference; explicitFileType = wrapper.application; includeInIndex = 0; path = iLikeMovie.app; sourceTree = BUILT_PRODUCTS_DIR; };
		A965B7F02825011700A15FC9 /* AppDelegate.swift */ = {isa = PBXFileReference; lastKnownFileType = sourcecode.swift; path = AppDelegate.swift; sourceTree = "<group>"; };
		A965B7F22825011700A15FC9 /* SceneDelegate.swift */ = {isa = PBXFileReference; lastKnownFileType = sourcecode.swift; path = SceneDelegate.swift; sourceTree = "<group>"; };
		A965B7F42825011700A15FC9 /* MovieListTableViewController.swift */ = {isa = PBXFileReference; lastKnownFileType = sourcecode.swift; path = MovieListTableViewController.swift; sourceTree = "<group>"; };
		A965B7F92825011900A15FC9 /* Assets.xcassets */ = {isa = PBXFileReference; lastKnownFileType = folder.assetcatalog; path = Assets.xcassets; sourceTree = "<group>"; };
		A965B7FC2825011900A15FC9 /* Base */ = {isa = PBXFileReference; lastKnownFileType = file.storyboard; name = Base; path = Base.lproj/LaunchScreen.storyboard; sourceTree = "<group>"; };
		A965B7FE2825011900A15FC9 /* Info.plist */ = {isa = PBXFileReference; lastKnownFileType = text.plist.xml; path = Info.plist; sourceTree = "<group>"; };
		A965B80C2825054000A15FC9 /* MovieListTableViewCell.swift */ = {isa = PBXFileReference; lastKnownFileType = sourcecode.swift; path = MovieListTableViewCell.swift; sourceTree = "<group>"; };
		A96817E328252CA300262D50 /* APIService.swift */ = {isa = PBXFileReference; lastKnownFileType = sourcecode.swift; path = APIService.swift; sourceTree = "<group>"; };
		A96817E528252CFF00262D50 /* Movies.swift */ = {isa = PBXFileReference; lastKnownFileType = sourcecode.swift; path = Movies.swift; sourceTree = "<group>"; };
		A96817EC28252F1D00262D50 /* APIKey.swift */ = {isa = PBXFileReference; lastKnownFileType = sourcecode.swift; path = APIKey.swift; sourceTree = "<group>"; };
		A96817EE2825337800262D50 /* Observable.swift */ = {isa = PBXFileReference; lastKnownFileType = sourcecode.swift; path = Observable.swift; sourceTree = "<group>"; };
		A96817F028253A3D00262D50 /* MovieListViewModel.swift */ = {isa = PBXFileReference; lastKnownFileType = sourcecode.swift; path = MovieListViewModel.swift; sourceTree = "<group>"; };
		A96817F228253B0D00262D50 /* MovieItemViewModel.swift */ = {isa = PBXFileReference; lastKnownFileType = sourcecode.swift; path = MovieItemViewModel.swift; sourceTree = "<group>"; };
		A96817F528253D9300262D50 /* UIImageView.swift */ = {isa = PBXFileReference; lastKnownFileType = sourcecode.swift; path = UIImageView.swift; sourceTree = "<group>"; };
		A96817F728253DB300262D50 /* ImageCacheManager.swift */ = {isa = PBXFileReference; lastKnownFileType = sourcecode.swift; path = ImageCacheManager.swift; sourceTree = "<group>"; };
/* End PBXFileReference section */

/* Begin PBXFrameworksBuildPhase section */
		A965B7EA2825011700A15FC9 /* Frameworks */ = {
			isa = PBXFrameworksBuildPhase;
			buildActionMask = 2147483647;
			files = (
				A96817EB28252DD900262D50 /* RealmSwift in Frameworks */,
				A96817E928252DD900262D50 /* Realm in Frameworks */,
			);
			runOnlyForDeploymentPostprocessing = 0;
		};
/* End PBXFrameworksBuildPhase section */

/* Begin PBXGroup section */
		A965B7E42825011700A15FC9 = {
			isa = PBXGroup;
			children = (
				A965B7EF2825011700A15FC9 /* iLikeMovie */,
				A965B7EE2825011700A15FC9 /* Products */,
			);
			sourceTree = "<group>";
		};
		A965B7EE2825011700A15FC9 /* Products */ = {
			isa = PBXGroup;
			children = (
				A965B7ED2825011700A15FC9 /* iLikeMovie.app */,
			);
			name = Products;
			sourceTree = "<group>";
		};
		A965B7EF2825011700A15FC9 /* iLikeMovie */ = {
			isa = PBXGroup;
			children = (
				A965B7FE2825011900A15FC9 /* Info.plist */,
				A965B80B2825028000A15FC9 /* Resources */,
				A965B80A2825022100A15FC9 /* Application */,
				A965B8082825017500A15FC9 /* Util */,
				A965B8072825015400A15FC9 /* View */,
				A965B8062825014C00A15FC9 /* ViewModel */,
				A965B8052825014600A15FC9 /* Service */,
				A965B8042825014200A15FC9 /* Model */,
			);
			path = iLikeMovie;
			sourceTree = "<group>";
		};
		A965B8042825014200A15FC9 /* Model */ = {
			isa = PBXGroup;
			children = (
				A96817E528252CFF00262D50 /* Movies.swift */,
			);
			path = Model;
			sourceTree = "<group>";
		};
		A965B8052825014600A15FC9 /* Service */ = {
			isa = PBXGroup;
			children = (
				A96817E328252CA300262D50 /* APIService.swift */,
				A96817F728253DB300262D50 /* ImageCacheManager.swift */,
			);
			path = Service;
			sourceTree = "<group>";
		};
		A965B8062825014C00A15FC9 /* ViewModel */ = {
			isa = PBXGroup;
			children = (
				A96817F028253A3D00262D50 /* MovieListViewModel.swift */,
				A96817F228253B0D00262D50 /* MovieItemViewModel.swift */,
			);
			path = ViewModel;
			sourceTree = "<group>";
		};
		A965B8072825015400A15FC9 /* View */ = {
			isa = PBXGroup;
			children = (
				A965B7F42825011700A15FC9 /* MovieListTableViewController.swift */,
				A965B80C2825054000A15FC9 /* MovieListTableViewCell.swift */,
			);
			path = View;
			sourceTree = "<group>";
		};
		A965B8082825017500A15FC9 /* Util */ = {
			isa = PBXGroup;
			children = (
				A96817EC28252F1D00262D50 /* APIKey.swift */,
				A96817EE2825337800262D50 /* Observable.swift */,
				A96817F428253D8800262D50 /* Extensions */,
			);
			path = Util;
			sourceTree = "<group>";
		};
		A965B80A2825022100A15FC9 /* Application */ = {
			isa = PBXGroup;
			children = (
				A965B7F02825011700A15FC9 /* AppDelegate.swift */,
				A965B7F22825011700A15FC9 /* SceneDelegate.swift */,
			);
			path = Application;
			sourceTree = "<group>";
		};
		A965B80B2825028000A15FC9 /* Resources */ = {
			isa = PBXGroup;
			children = (
				A965B7FB2825011900A15FC9 /* LaunchScreen.storyboard */,
				A965B7F92825011900A15FC9 /* Assets.xcassets */,
			);
			path = Resources;
			sourceTree = "<group>";
		};
		A96817F428253D8800262D50 /* Extensions */ = {
			isa = PBXGroup;
			children = (
				A96817F528253D9300262D50 /* UIImageView.swift */,
			);
			path = Extensions;
			sourceTree = "<group>";
		};
/* End PBXGroup section */

/* Begin PBXNativeTarget section */
		A965B7EC2825011700A15FC9 /* iLikeMovie */ = {
			isa = PBXNativeTarget;
			buildConfigurationList = A965B8012825011900A15FC9 /* Build configuration list for PBXNativeTarget "iLikeMovie" */;
			buildPhases = (
				A965B7E92825011700A15FC9 /* Sources */,
				A965B7EA2825011700A15FC9 /* Frameworks */,
				A965B7EB2825011700A15FC9 /* Resources */,
			);
			buildRules = (
			);
			dependencies = (
			);
			name = iLikeMovie;
			packageProductDependencies = (
				A96817E828252DD900262D50 /* Realm */,
				A96817EA28252DD900262D50 /* RealmSwift */,
			);
			productName = iLikeMovie;
			productReference = A965B7ED2825011700A15FC9 /* iLikeMovie.app */;
			productType = "com.apple.product-type.application";
		};
/* End PBXNativeTarget section */

/* Begin PBXProject section */
		A965B7E52825011700A15FC9 /* Project object */ = {
			isa = PBXProject;
			attributes = {
				BuildIndependentTargetsInParallel = 1;
				LastSwiftUpdateCheck = 1320;
				LastUpgradeCheck = 1320;
				TargetAttributes = {
					A965B7EC2825011700A15FC9 = {
						CreatedOnToolsVersion = 13.2.1;
					};
				};
			};
			buildConfigurationList = A965B7E82825011700A15FC9 /* Build configuration list for PBXProject "iLikeMovie" */;
			compatibilityVersion = "Xcode 13.0";
			developmentRegion = en;
			hasScannedForEncodings = 0;
			knownRegions = (
				en,
				Base,
			);
			mainGroup = A965B7E42825011700A15FC9;
			packageReferences = (
				A96817E728252DD900262D50 /* XCRemoteSwiftPackageReference "realm-swift" */,
			);
			productRefGroup = A965B7EE2825011700A15FC9 /* Products */;
			projectDirPath = "";
			projectRoot = "";
			targets = (
				A965B7EC2825011700A15FC9 /* iLikeMovie */,
			);
		};
/* End PBXProject section */

/* Begin PBXResourcesBuildPhase section */
		A965B7EB2825011700A15FC9 /* Resources */ = {
			isa = PBXResourcesBuildPhase;
			buildActionMask = 2147483647;
			files = (
				A965B7FD2825011900A15FC9 /* LaunchScreen.storyboard in Resources */,
				A965B7FA2825011900A15FC9 /* Assets.xcassets in Resources */,
			);
			runOnlyForDeploymentPostprocessing = 0;
		};
/* End PBXResourcesBuildPhase section */

/* Begin PBXSourcesBuildPhase section */
		A965B7E92825011700A15FC9 /* Sources */ = {
			isa = PBXSourcesBuildPhase;
			buildActionMask = 2147483647;
			files = (
				A96817EF2825337800262D50 /* Observable.swift in Sources */,
				A96817ED28252F1D00262D50 /* APIKey.swift in Sources */,
				A965B7F52825011700A15FC9 /* MovieListTableViewController.swift in Sources */,
				A96817E428252CA300262D50 /* APIService.swift in Sources */,
				A96817E628252CFF00262D50 /* Movies.swift in Sources */,
				A965B7F12825011700A15FC9 /* AppDelegate.swift in Sources */,
				A96817F628253D9300262D50 /* UIImageView.swift in Sources */,
				A965B80D2825054000A15FC9 /* MovieListTableViewCell.swift in Sources */,
				A96817F828253DB300262D50 /* ImageCacheManager.swift in Sources */,
				A965B7F32825011700A15FC9 /* SceneDelegate.swift in Sources */,
				A96817F328253B0D00262D50 /* MovieItemViewModel.swift in Sources */,
				A96817F128253A3D00262D50 /* MovieListViewModel.swift in Sources */,
			);
			runOnlyForDeploymentPostprocessing = 0;
		};
/* End PBXSourcesBuildPhase section */

/* Begin PBXVariantGroup section */
		A965B7FB2825011900A15FC9 /* LaunchScreen.storyboard */ = {
			isa = PBXVariantGroup;
			children = (
				A965B7FC2825011900A15FC9 /* Base */,
			);
			name = LaunchScreen.storyboard;
			sourceTree = "<group>";
		};
/* End PBXVariantGroup section */

/* Begin XCBuildConfiguration section */
		A965B7FF2825011900A15FC9 /* Debug */ = {
			isa = XCBuildConfiguration;
			buildSettings = {
				ALWAYS_SEARCH_USER_PATHS = NO;
				CLANG_ANALYZER_NONNULL = YES;
				CLANG_ANALYZER_NUMBER_OBJECT_CONVERSION = YES_AGGRESSIVE;
				CLANG_CXX_LANGUAGE_STANDARD = "gnu++17";
				CLANG_CXX_LIBRARY = "libc++";
				CLANG_ENABLE_MODULES = YES;
				CLANG_ENABLE_OBJC_ARC = YES;
				CLANG_ENABLE_OBJC_WEAK = YES;
				CLANG_WARN_BLOCK_CAPTURE_AUTORELEASING = YES;
				CLANG_WARN_BOOL_CONVERSION = YES;
				CLANG_WARN_COMMA = YES;
				CLANG_WARN_CONSTANT_CONVERSION = YES;
				CLANG_WARN_DEPRECATED_OBJC_IMPLEMENTATIONS = YES;
				CLANG_WARN_DIRECT_OBJC_ISA_USAGE = YES_ERROR;
				CLANG_WARN_DOCUMENTATION_COMMENTS = YES;
				CLANG_WARN_EMPTY_BODY = YES;
				CLANG_WARN_ENUM_CONVERSION = YES;
				CLANG_WARN_INFINITE_RECURSION = YES;
				CLANG_WARN_INT_CONVERSION = YES;
				CLANG_WARN_NON_LITERAL_NULL_CONVERSION = YES;
				CLANG_WARN_OBJC_IMPLICIT_RETAIN_SELF = YES;
				CLANG_WARN_OBJC_LITERAL_CONVERSION = YES;
				CLANG_WARN_OBJC_ROOT_CLASS = YES_ERROR;
				CLANG_WARN_QUOTED_INCLUDE_IN_FRAMEWORK_HEADER = YES;
				CLANG_WARN_RANGE_LOOP_ANALYSIS = YES;
				CLANG_WARN_STRICT_PROTOTYPES = YES;
				CLANG_WARN_SUSPICIOUS_MOVE = YES;
				CLANG_WARN_UNGUARDED_AVAILABILITY = YES_AGGRESSIVE;
				CLANG_WARN_UNREACHABLE_CODE = YES;
				CLANG_WARN__DUPLICATE_METHOD_MATCH = YES;
				COPY_PHASE_STRIP = NO;
				DEBUG_INFORMATION_FORMAT = dwarf;
				ENABLE_STRICT_OBJC_MSGSEND = YES;
				ENABLE_TESTABILITY = YES;
				GCC_C_LANGUAGE_STANDARD = gnu11;
				GCC_DYNAMIC_NO_PIC = NO;
				GCC_NO_COMMON_BLOCKS = YES;
				GCC_OPTIMIZATION_LEVEL = 0;
				GCC_PREPROCESSOR_DEFINITIONS = (
					"DEBUG=1",
					"$(inherited)",
				);
				GCC_WARN_64_TO_32_BIT_CONVERSION = YES;
				GCC_WARN_ABOUT_RETURN_TYPE = YES_ERROR;
				GCC_WARN_UNDECLARED_SELECTOR = YES;
				GCC_WARN_UNINITIALIZED_AUTOS = YES_AGGRESSIVE;
				GCC_WARN_UNUSED_FUNCTION = YES;
				GCC_WARN_UNUSED_VARIABLE = YES;
				IPHONEOS_DEPLOYMENT_TARGET = 15.2;
				MTL_ENABLE_DEBUG_INFO = INCLUDE_SOURCE;
				MTL_FAST_MATH = YES;
				ONLY_ACTIVE_ARCH = YES;
				SDKROOT = iphoneos;
				SWIFT_ACTIVE_COMPILATION_CONDITIONS = DEBUG;
				SWIFT_OPTIMIZATION_LEVEL = "-Onone";
			};
			name = Debug;
		};
		A965B8002825011900A15FC9 /* Release */ = {
			isa = XCBuildConfiguration;
			buildSettings = {
				ALWAYS_SEARCH_USER_PATHS = NO;
				CLANG_ANALYZER_NONNULL = YES;
				CLANG_ANALYZER_NUMBER_OBJECT_CONVERSION = YES_AGGRESSIVE;
				CLANG_CXX_LANGUAGE_STANDARD = "gnu++17";
				CLANG_CXX_LIBRARY = "libc++";
				CLANG_ENABLE_MODULES = YES;
				CLANG_ENABLE_OBJC_ARC = YES;
				CLANG_ENABLE_OBJC_WEAK = YES;
				CLANG_WARN_BLOCK_CAPTURE_AUTORELEASING = YES;
				CLANG_WARN_BOOL_CONVERSION = YES;
				CLANG_WARN_COMMA = YES;
				CLANG_WARN_CONSTANT_CONVERSION = YES;
				CLANG_WARN_DEPRECATED_OBJC_IMPLEMENTATIONS = YES;
				CLANG_WARN_DIRECT_OBJC_ISA_USAGE = YES_ERROR;
				CLANG_WARN_DOCUMENTATION_COMMENTS = YES;
				CLANG_WARN_EMPTY_BODY = YES;
				CLANG_WARN_ENUM_CONVERSION = YES;
				CLANG_WARN_INFINITE_RECURSION = YES;
				CLANG_WARN_INT_CONVERSION = YES;
				CLANG_WARN_NON_LITERAL_NULL_CONVERSION = YES;
				CLANG_WARN_OBJC_IMPLICIT_RETAIN_SELF = YES;
				CLANG_WARN_OBJC_LITERAL_CONVERSION = YES;
				CLANG_WARN_OBJC_ROOT_CLASS = YES_ERROR;
				CLANG_WARN_QUOTED_INCLUDE_IN_FRAMEWORK_HEADER = YES;
				CLANG_WARN_RANGE_LOOP_ANALYSIS = YES;
				CLANG_WARN_STRICT_PROTOTYPES = YES;
				CLANG_WARN_SUSPICIOUS_MOVE = YES;
				CLANG_WARN_UNGUARDED_AVAILABILITY = YES_AGGRESSIVE;
				CLANG_WARN_UNREACHABLE_CODE = YES;
				CLANG_WARN__DUPLICATE_METHOD_MATCH = YES;
				COPY_PHASE_STRIP = NO;
				DEBUG_INFORMATION_FORMAT = "dwarf-with-dsym";
				ENABLE_NS_ASSERTIONS = NO;
				ENABLE_STRICT_OBJC_MSGSEND = YES;
				GCC_C_LANGUAGE_STANDARD = gnu11;
				GCC_NO_COMMON_BLOCKS = YES;
				GCC_WARN_64_TO_32_BIT_CONVERSION = YES;
				GCC_WARN_ABOUT_RETURN_TYPE = YES_ERROR;
				GCC_WARN_UNDECLARED_SELECTOR = YES;
				GCC_WARN_UNINITIALIZED_AUTOS = YES_AGGRESSIVE;
				GCC_WARN_UNUSED_FUNCTION = YES;
				GCC_WARN_UNUSED_VARIABLE = YES;
				IPHONEOS_DEPLOYMENT_TARGET = 15.2;
				MTL_ENABLE_DEBUG_INFO = NO;
				MTL_FAST_MATH = YES;
				SDKROOT = iphoneos;
				SWIFT_COMPILATION_MODE = wholemodule;
				SWIFT_OPTIMIZATION_LEVEL = "-O";
				VALIDATE_PRODUCT = YES;
			};
			name = Release;
		};
		A965B8022825011900A15FC9 /* Debug */ = {
			isa = XCBuildConfiguration;
			buildSettings = {
				ASSETCATALOG_COMPILER_APPICON_NAME = AppIcon;
				ASSETCATALOG_COMPILER_GLOBAL_ACCENT_COLOR_NAME = AccentColor;
				CODE_SIGN_STYLE = Automatic;
				CURRENT_PROJECT_VERSION = 1;
				DEVELOPMENT_TEAM = J2BXCFFMKP;
				GENERATE_INFOPLIST_FILE = YES;
				INFOPLIST_FILE = iLikeMovie/Info.plist;
				INFOPLIST_KEY_UIApplicationSupportsIndirectInputEvents = YES;
				INFOPLIST_KEY_UILaunchStoryboardName = LaunchScreen;
				INFOPLIST_KEY_UISupportedInterfaceOrientations = UIInterfaceOrientationPortrait;
				INFOPLIST_KEY_UISupportedInterfaceOrientations_iPad = "UIInterfaceOrientationPortrait UIInterfaceOrientationPortraitUpsideDown UIInterfaceOrientationLandscapeLeft UIInterfaceOrientationLandscapeRight";
				INFOPLIST_KEY_UISupportedInterfaceOrientations_iPhone = "UIInterfaceOrientationPortrait UIInterfaceOrientationLandscapeLeft UIInterfaceOrientationLandscapeRight";
				IPHONEOS_DEPLOYMENT_TARGET = 15.0;
				LD_RUNPATH_SEARCH_PATHS = (
					"$(inherited)",
					"@executable_path/Frameworks",
				);
				MARKETING_VERSION = 1.0;
				PRODUCT_BUNDLE_IDENTIFIER = com.headingtodev.iLikeMovie;
				PRODUCT_NAME = "$(TARGET_NAME)";
				SWIFT_EMIT_LOC_STRINGS = YES;
				SWIFT_VERSION = 5.0;
				TARGETED_DEVICE_FAMILY = 1;
			};
			name = Debug;
		};
		A965B8032825011900A15FC9 /* Release */ = {
			isa = XCBuildConfiguration;
			buildSettings = {
				ASSETCATALOG_COMPILER_APPICON_NAME = AppIcon;
				ASSETCATALOG_COMPILER_GLOBAL_ACCENT_COLOR_NAME = AccentColor;
				CODE_SIGN_STYLE = Automatic;
				CURRENT_PROJECT_VERSION = 1;
				DEVELOPMENT_TEAM = J2BXCFFMKP;
				GENERATE_INFOPLIST_FILE = YES;
				INFOPLIST_FILE = iLikeMovie/Info.plist;
				INFOPLIST_KEY_UIApplicationSupportsIndirectInputEvents = YES;
				INFOPLIST_KEY_UILaunchStoryboardName = LaunchScreen;
				INFOPLIST_KEY_UISupportedInterfaceOrientations = UIInterfaceOrientationPortrait;
				INFOPLIST_KEY_UISupportedInterfaceOrientations_iPad = "UIInterfaceOrientationPortrait UIInterfaceOrientationPortraitUpsideDown UIInterfaceOrientationLandscapeLeft UIInterfaceOrientationLandscapeRight";
				INFOPLIST_KEY_UISupportedInterfaceOrientations_iPhone = "UIInterfaceOrientationPortrait UIInterfaceOrientationLandscapeLeft UIInterfaceOrientationLandscapeRight";
				IPHONEOS_DEPLOYMENT_TARGET = 15.0;
				LD_RUNPATH_SEARCH_PATHS = (
					"$(inherited)",
					"@executable_path/Frameworks",
				);
				MARKETING_VERSION = 1.0;
				PRODUCT_BUNDLE_IDENTIFIER = com.headingtodev.iLikeMovie;
				PRODUCT_NAME = "$(TARGET_NAME)";
				SWIFT_EMIT_LOC_STRINGS = YES;
				SWIFT_VERSION = 5.0;
				TARGETED_DEVICE_FAMILY = 1;
			};
			name = Release;
		};
/* End XCBuildConfiguration section */

/* Begin XCConfigurationList section */
		A965B7E82825011700A15FC9 /* Build configuration list for PBXProject "iLikeMovie" */ = {
			isa = XCConfigurationList;
			buildConfigurations = (
				A965B7FF2825011900A15FC9 /* Debug */,
				A965B8002825011900A15FC9 /* Release */,
			);
			defaultConfigurationIsVisible = 0;
			defaultConfigurationName = Release;
		};
		A965B8012825011900A15FC9 /* Build configuration list for PBXNativeTarget "iLikeMovie" */ = {
			isa = XCConfigurationList;
			buildConfigurations = (
				A965B8022825011900A15FC9 /* Debug */,
				A965B8032825011900A15FC9 /* Release */,
			);
			defaultConfigurationIsVisible = 0;
			defaultConfigurationName = Release;
		};
/* End XCConfigurationList section */

/* Begin XCRemoteSwiftPackageReference section */
		A96817E728252DD900262D50 /* XCRemoteSwiftPackageReference "realm-swift" */ = {
			isa = XCRemoteSwiftPackageReference;
			repositoryURL = "https://github.com/realm/realm-swift";
			requirement = {
				kind = upToNextMajorVersion;
				minimumVersion = 10.25.2;
			};
		};
/* End XCRemoteSwiftPackageReference section */

/* Begin XCSwiftPackageProductDependency section */
		A96817E828252DD900262D50 /* Realm */ = {
			isa = XCSwiftPackageProductDependency;
			package = A96817E728252DD900262D50 /* XCRemoteSwiftPackageReference "realm-swift" */;
			productName = Realm;
		};
		A96817EA28252DD900262D50 /* RealmSwift */ = {
			isa = XCSwiftPackageProductDependency;
			package = A96817E728252DD900262D50 /* XCRemoteSwiftPackageReference "realm-swift" */;
			productName = RealmSwift;
		};
/* End XCSwiftPackageProductDependency section */
	};
	rootObject = A965B7E52825011700A15FC9 /* Project object */;
}
